
Microsoft Visual Studio Solution File, Format Version 12.00
# Visual Studio 2012
Project("{FAE04EC0-301F-11D3-BF4B-00C04F79EFBC}") = "Get_Web_Data", "Get_Web_Data\Get_Web_Data.csproj", "{F19CE4B2-7A16-4380-A691-A535E765DCA6}"
EndProject
Global
	GlobalSection(SolutionConfigurationPlatforms) = preSolution
		Debug|Any CPU = Debug|Any CPU
		Release|Any CPU = Release|Any CPU
	EndGlobalSection
	GlobalSection(ProjectConfigurationPlatforms) = postSolution
		{F19CE4B2-7A16-4380-A691-A535E765DCA6}.Debug|Any CPU.ActiveCfg = Debug|Any CPU
		{F19CE4B2-7A16-4380-A691-A535E765DCA6}.Debug|Any CPU.Build.0 = Debug|Any CPU
		{F19CE4B2-7A16-4380-A691-A535E765DCA6}.Release|Any CPU.ActiveCfg = Release|Any CPU
		{F19CE4B2-7A16-4380-A691-A535E765DCA6}.Release|Any CPU.Build.0 = Release|Any CPU
	EndGlobalSection
	GlobalSection(SolutionProperties) = preSolution
		HideSolutionNode = FALSE
	EndGlobalSection
EndGlobal
